
Microsoft Visual Studio Solution File, Format Version 12.00
# Visual Studio Version 17
VisualStudioVersion = 17.0.32126.317
MinimumVisualStudioVersion = 10.0.40219.1
Project("{FAE04EC0-301F-11D3-BF4B-00C04F79EFBC}") = "Straitjacket.Subnautica.Mods.SnapBuilder", "SnapBuilder\Straitjacket.Subnautica.Mods.SnapBuilder.csproj", "{90B8CFBB-759D-4E62-B923-05C2FEFE5CB3}"
EndProject
Project("{D954291E-2A0B-460D-934E-DC6B0785DB48}") = "Straitjacket.Toggle", "Toggle\Toggle\Straitjacket.Toggle.shproj", "{2E9FEC3F-6690-46E8-B676-9778D4B1292A}"
EndProject
Project("{D954291E-2A0B-460D-934E-DC6B0785DB48}") = "BepInEx.Subnautica.Logger", "BepInEx.Logger\Logger\BepInEx.Subnautica.Logger.shproj", "{32F6ED8C-0F9A-409D-A404-EE068789C72F}"
EndProject
Project("{D954291E-2A0B-460D-934E-DC6B0785DB48}") = "SMLHelper.Language", "SMLHelper.Language\SMLHelper.Language\SMLHelper.Language.shproj", "{AD133C9E-A9A1-4DBC-BD93-7149D32CB98A}"
EndProject
Project("{D954291E-2A0B-460D-934E-DC6B0785DB48}") = "Straitjacket.ExtensionMethods.UnityEngine", "Straitjacket.ExtensionMethods.UnityEngine\Straitjacket.ExtensionMethods.UnityEngine\Straitjacket.ExtensionMethods.UnityEngine.shproj", "{91E30B75-0933-43CC-98FF-7C9DCCA7F849}"
EndProject
Project("{D954291E-2A0B-460D-934E-DC6B0785DB48}") = "Straitjacket.Math", "Straitjacket.Math\Straitjacket.Math\Straitjacket.Math.shproj", "{EDF9AFB9-5A40-4818-8004-95E22D5B7BA0}"
EndProject
Project("{2150E333-8FDC-42A3-9474-1A3956D46DE8}") = "Manifests", "Manifests", "{9AEB2F8C-CCC4-4AE6-AFFF-DFF701DB6686}"
EndProject
Project("{2150E333-8FDC-42A3-9474-1A3956D46DE8}") = "Thunderstore", "Thunderstore", "{BE691FBE-8733-4C7A-8A69-6693653EA1F5}"
	ProjectSection(SolutionItems) = preProject
		manifest_BELOWZERO.json = manifest_BELOWZERO.json
		manifest_SUBNAUTICA.json = manifest_SUBNAUTICA.json
	EndProjectSection
EndProject
Project("{2150E333-8FDC-42A3-9474-1A3956D46DE8}") = "QModManager", "QModManager", "{085BDCC1-F047-43A0-A88F-B52FB78C796F}"
	ProjectSection(SolutionItems) = preProject
		mod_BELOWZERO.json = mod_BELOWZERO.json
		mod_SUBNAUTICA.json = mod_SUBNAUTICA.json
	EndProjectSection
EndProject
Project("{2150E333-8FDC-42A3-9474-1A3956D46DE8}") = "Metadata", "Metadata", "{83E3D718-72C9-492A-A56D-74F1103766A3}"
	ProjectSection(SolutionItems) = preProject
		icon_BELOWZERO.png = icon_BELOWZERO.png
		icon_SUBNAUTICA.png = icon_SUBNAUTICA.png
		LICENSE = LICENSE
		README_BELOWZERO.md = README_BELOWZERO.md
		README_SUBNAUTICA.md = README_SUBNAUTICA.md
	EndProjectSection
EndProject
Global
	GlobalSection(SharedMSBuildProjectFiles) = preSolution
		Toggle\Toggle\Toggle.projitems*{2e9fec3f-6690-46e8-b676-9778d4b1292a}*SharedItemsImports = 13
		BepInEx.Logger\Logger\Logger.projitems*{32f6ed8c-0f9a-409d-a404-ee068789c72f}*SharedItemsImports = 13
		BepInEx.Logger\Logger\Logger.projitems*{90b8cfbb-759d-4e62-b923-05c2fefe5cb3}*SharedItemsImports = 4
		SMLHelper.Language\SMLHelper.Language\Language.projitems*{90b8cfbb-759d-4e62-b923-05c2fefe5cb3}*SharedItemsImports = 4
		Straitjacket.ExtensionMethods.UnityEngine\Straitjacket.ExtensionMethods.UnityEngine\Straitjacket.ExtensionMethods.UnityEngine.projitems*{90b8cfbb-759d-4e62-b923-05c2fefe5cb3}*SharedItemsImports = 4
		Straitjacket.Math\Straitjacket.Math\Straitjacket.Math.projitems*{90b8cfbb-759d-4e62-b923-05c2fefe5cb3}*SharedItemsImports = 4
		Toggle\Toggle\Toggle.projitems*{90b8cfbb-759d-4e62-b923-05c2fefe5cb3}*SharedItemsImports = 4
		Straitjacket.ExtensionMethods.UnityEngine\Straitjacket.ExtensionMethods.UnityEngine\Straitjacket.ExtensionMethods.UnityEngine.projitems*{91e30b75-0933-43cc-98ff-7c9dcca7f849}*SharedItemsImports = 13
		SMLHelper.Language\SMLHelper.Language\Language.projitems*{ad133c9e-a9a1-4dbc-bd93-7149d32cb98a}*SharedItemsImports = 13
		Straitjacket.Math\Straitjacket.Math\Straitjacket.Math.projitems*{edf9afb9-5a40-4818-8004-95e22d5b7ba0}*SharedItemsImports = 13
	EndGlobalSection
	GlobalSection(SolutionConfigurationPlatforms) = preSolution
		BELOWZERO|Any CPU = BELOWZERO|Any CPU
		SUBNAUTICA|Any CPU = SUBNAUTICA|Any CPU
	EndGlobalSection
	GlobalSection(ProjectConfigurationPlatforms) = postSolution
		{90B8CFBB-759D-4E62-B923-05C2FEFE5CB3}.BELOWZERO|Any CPU.ActiveCfg = BELOWZERO|Any CPU
		{90B8CFBB-759D-4E62-B923-05C2FEFE5CB3}.BELOWZERO|Any CPU.Build.0 = BELOWZERO|Any CPU
		{90B8CFBB-759D-4E62-B923-05C2FEFE5CB3}.SUBNAUTICA|Any CPU.ActiveCfg = SUBNAUTICA|Any CPU
		{90B8CFBB-759D-4E62-B923-05C2FEFE5CB3}.SUBNAUTICA|Any CPU.Build.0 = SUBNAUTICA|Any CPU
	EndGlobalSection
	GlobalSection(SolutionProperties) = preSolution
		HideSolutionNode = FALSE
	EndGlobalSection
	GlobalSection(NestedProjects) = preSolution
		{9AEB2F8C-CCC4-4AE6-AFFF-DFF701DB6686} = {83E3D718-72C9-492A-A56D-74F1103766A3}
		{BE691FBE-8733-4C7A-8A69-6693653EA1F5} = {9AEB2F8C-CCC4-4AE6-AFFF-DFF701DB6686}
		{085BDCC1-F047-43A0-A88F-B52FB78C796F} = {9AEB2F8C-CCC4-4AE6-AFFF-DFF701DB6686}
	EndGlobalSection
	GlobalSection(ExtensibilityGlobals) = postSolution
		SolutionGuid = {3A915A15-381C-45D8-8D89-B8ACCFD8B345}
	EndGlobalSection
EndGlobal
